// !$*UTF8*$!
{
	archiveVersion = 1;
	classes = {
	};
	objectVersion = 48;
	objects = {

/* Begin PBXBuildFile section */
		A50EC1A91FD61431008DF5A4 /* AppDelegate.swift in Sources */ = {isa = PBXBuildFile; fileRef = A50EC1A81FD61431008DF5A4 /* AppDelegate.swift */; };
		A50EC1AB1FD61431008DF5A4 /* CategoriesVC.swift in Sources */ = {isa = PBXBuildFile; fileRef = A50EC1AA1FD61431008DF5A4 /* CategoriesVC.swift */; };
		A50EC1AE1FD61431008DF5A4 /* Main.storyboard in Resources */ = {isa = PBXBuildFile; fileRef = A50EC1AC1FD61431008DF5A4 /* Main.storyboard */; };
		A50EC1B01FD61431008DF5A4 /* Assets.xcassets in Resources */ = {isa = PBXBuildFile; fileRef = A50EC1AF1FD61431008DF5A4 /* Assets.xcassets */; };
		A50EC1B31FD61431008DF5A4 /* LaunchScreen.storyboard in Resources */ = {isa = PBXBuildFile; fileRef = A50EC1B11FD61431008DF5A4 /* LaunchScreen.storyboard */; };
		A50EC1BF1FD61FDE008DF5A4 /* CategoryCell.swift in Sources */ = {isa = PBXBuildFile; fileRef = A50EC1BE1FD61FDE008DF5A4 /* CategoryCell.swift */; };
		A50EC1C11FD62D87008DF5A4 /* Category.swift in Sources */ = {isa = PBXBuildFile; fileRef = A50EC1C01FD62D87008DF5A4 /* Category.swift */; };
		A50EC1C31FD62FB8008DF5A4 /* DataServices.swift in Sources */ = {isa = PBXBuildFile; fileRef = A50EC1C21FD62FB8008DF5A4 /* DataServices.swift */; };
		A50EC1C51FD66990008DF5A4 /* ProductsVC.swift in Sources */ = {isa = PBXBuildFile; fileRef = A50EC1C41FD66990008DF5A4 /* ProductsVC.swift */; };
		A50EC1C71FD66C9F008DF5A4 /* ProductsCell.swift in Sources */ = {isa = PBXBuildFile; fileRef = A50EC1C61FD66C9F008DF5A4 /* ProductsCell.swift */; };
		A50EC1C91FD66DE9008DF5A4 /* Product.swift in Sources */ = {isa = PBXBuildFile; fileRef = A50EC1C81FD66DE9008DF5A4 /* Product.swift */; };
/* End PBXBuildFile section */

/* Begin PBXFileReference section */
		A50EC1A51FD61431008DF5A4 /* Apple_Products.app */ = {isa = PBXFileReference; explicitFileType = wrapper.application; includeInIndex = 0; path = Apple_Products.app; sourceTree = BUILT_PRODUCTS_DIR; };
		A50EC1A81FD61431008DF5A4 /* AppDelegate.swift */ = {isa = PBXFileReference; lastKnownFileType = sourcecode.swift; path = AppDelegate.swift; sourceTree = "<group>"; };
		A50EC1AA1FD61431008DF5A4 /* CategoriesVC.swift */ = {isa = PBXFileReference; lastKnownFileType = sourcecode.swift; path = CategoriesVC.swift; sourceTree = "<group>"; };
		A50EC1AD1FD61431008DF5A4 /* Base */ = {isa = PBXFileReference; lastKnownFileType = file.storyboard; name = Base; path = Base.lproj/Main.storyboard; sourceTree = "<group>"; };
		A50EC1AF1FD61431008DF5A4 /* Assets.xcassets */ = {isa = PBXFileReference; lastKnownFileType = folder.assetcatalog; path = Assets.xcassets; sourceTree = "<group>"; };
		A50EC1B21FD61431008DF5A4 /* Base */ = {isa = PBXFileReference; lastKnownFileType = file.storyboard; name = Base; path = Base.lproj/LaunchScreen.storyboard; sourceTree = "<group>"; };
		A50EC1B41FD61431008DF5A4 /* Info.plist */ = {isa = PBXFileReference; lastKnownFileType = text.plist.xml; path = Info.plist; sourceTree = "<group>"; };
		A50EC1BE1FD61FDE008DF5A4 /* CategoryCell.swift */ = {isa = PBXFileReference; lastKnownFileType = sourcecode.swift; path = CategoryCell.swift; sourceTree = "<group>"; };
		A50EC1C01FD62D87008DF5A4 /* Category.swift */ = {isa = PBXFileReference; lastKnownFileType = sourcecode.swift; path = Category.swift; sourceTree = "<group>"; };
		A50EC1C21FD62FB8008DF5A4 /* DataServices.swift */ = {isa = PBXFileReference; lastKnownFileType = sourcecode.swift; path = DataServices.swift; sourceTree = "<group>"; };
		A50EC1C41FD66990008DF5A4 /* ProductsVC.swift */ = {isa = PBXFileReference; lastKnownFileType = sourcecode.swift; path = ProductsVC.swift; sourceTree = "<group>"; };
		A50EC1C61FD66C9F008DF5A4 /* ProductsCell.swift */ = {isa = PBXFileReference; lastKnownFileType = sourcecode.swift; path = ProductsCell.swift; sourceTree = "<group>"; };
		A50EC1C81FD66DE9008DF5A4 /* Product.swift */ = {isa = PBXFileReference; lastKnownFileType = sourcecode.swift; path = Product.swift; sourceTree = "<group>"; };
/* End PBXFileReference section */

/* Begin PBXFrameworksBuildPhase section */
		A50EC1A21FD61431008DF5A4 /* Frameworks */ = {
			isa = PBXFrameworksBuildPhase;
			buildActionMask = 2147483647;
			files = (
			);
			runOnlyForDeploymentPostprocessing = 0;
		};
/* End PBXFrameworksBuildPhase section */

/* Begin PBXGroup section */
		A50EC19C1FD61431008DF5A4 = {
			isa = PBXGroup;
			children = (
				A50EC1A71FD61431008DF5A4 /* Apple_Products */,
				A50EC1A61FD61431008DF5A4 /* Products */,
			);
			sourceTree = "<group>";
		};
		A50EC1A61FD61431008DF5A4 /* Products */ = {
			isa = PBXGroup;
			children = (
				A50EC1A51FD61431008DF5A4 /* Apple_Products.app */,
			);
			name = Products;
			sourceTree = "<group>";
		};
		A50EC1A71FD61431008DF5A4 /* Apple_Products */ = {
			isa = PBXGroup;
			children = (
				A50EC1BD1FD6154F008DF5A4 /* Services */,
				A50EC1BC1FD61548008DF5A4 /* Views */,
				A50EC1BB1FD61541008DF5A4 /* Model */,
				A50EC1BA1FD6152F008DF5A4 /* Controllers */,
				A50EC1A81FD61431008DF5A4 /* AppDelegate.swift */,
				A50EC1AC1FD61431008DF5A4 /* Main.storyboard */,
				A50EC1AF1FD61431008DF5A4 /* Assets.xcassets */,
				A50EC1B11FD61431008DF5A4 /* LaunchScreen.storyboard */,
				A50EC1B41FD61431008DF5A4 /* Info.plist */,
			);
			path = Apple_Products;
			sourceTree = "<group>";
		};
		A50EC1BA1FD6152F008DF5A4 /* Controllers */ = {
			isa = PBXGroup;
			children = (
				A50EC1AA1FD61431008DF5A4 /* CategoriesVC.swift */,
				A50EC1C41FD66990008DF5A4 /* ProductsVC.swift */,
			);
			path = Controllers;
			sourceTree = "<group>";
		};
		A50EC1BB1FD61541008DF5A4 /* Model */ = {
			isa = PBXGroup;
			children = (
				A50EC1C01FD62D87008DF5A4 /* Category.swift */,
				A50EC1C81FD66DE9008DF5A4 /* Product.swift */,
			);
			path = Model;
			sourceTree = "<group>";
		};
		A50EC1BC1FD61548008DF5A4 /* Views */ = {
			isa = PBXGroup;
			children = (
				A50EC1BE1FD61FDE008DF5A4 /* CategoryCell.swift */,
				A50EC1C61FD66C9F008DF5A4 /* ProductsCell.swift */,
			);
			path = Views;
			sourceTree = "<group>";
		};
		A50EC1BD1FD6154F008DF5A4 /* Services */ = {
			isa = PBXGroup;
			children = (
				A50EC1C21FD62FB8008DF5A4 /* DataServices.swift */,
			);
			path = Services;
			sourceTree = "<group>";
		};
/* End PBXGroup section */

/* Begin PBXNativeTarget section */
		A50EC1A41FD61431008DF5A4 /* Apple_Products */ = {
			isa = PBXNativeTarget;
			buildConfigurationList = A50EC1B71FD61431008DF5A4 /* Build configuration list for PBXNativeTarget "Apple_Products" */;
			buildPhases = (
				A50EC1A11FD61431008DF5A4 /* Sources */,
				A50EC1A21FD61431008DF5A4 /* Frameworks */,
				A50EC1A31FD61431008DF5A4 /* Resources */,
			);
			buildRules = (
			);
			dependencies = (
			);
			name = Apple_Products;
			productName = Apple_Products;
			productReference = A50EC1A51FD61431008DF5A4 /* Apple_Products.app */;
			productType = "com.apple.product-type.application";
		};
/* End PBXNativeTarget section */

/* Begin PBXProject section */
		A50EC19D1FD61431008DF5A4 /* Project object */ = {
			isa = PBXProject;
			attributes = {
				LastSwiftUpdateCheck = 0910;
				LastUpgradeCheck = 0910;
				ORGANIZATIONNAME = "Donald Belliveau";
				TargetAttributes = {
					A50EC1A41FD61431008DF5A4 = {
						CreatedOnToolsVersion = 9.1;
						ProvisioningStyle = Automatic;
					};
				};
			};
			buildConfigurationList = A50EC1A01FD61431008DF5A4 /* Build configuration list for PBXProject "Apple_Products" */;
			compatibilityVersion = "Xcode 8.0";
			developmentRegion = en;
			hasScannedForEncodings = 0;
			knownRegions = (
				en,
				Base,
			);
			mainGroup = A50EC19C1FD61431008DF5A4;
			productRefGroup = A50EC1A61FD61431008DF5A4 /* Products */;
			projectDirPath = "";
			projectRoot = "";
			targets = (
				A50EC1A41FD61431008DF5A4 /* Apple_Products */,
			);
		};
/* End PBXProject section */

/* Begin PBXResourcesBuildPhase section */
		A50EC1A31FD61431008DF5A4 /* Resources */ = {
			isa = PBXResourcesBuildPhase;
			buildActionMask = 2147483647;
			files = (
				A50EC1B31FD61431008DF5A4 /* LaunchScreen.storyboard in Resources */,
				A50EC1B01FD61431008DF5A4 /* Assets.xcassets in Resources */,
				A50EC1AE1FD61431008DF5A4 /* Main.storyboard in Resources */,
			);
			runOnlyForDeploymentPostprocessing = 0;
		};
/* End PBXResourcesBuildPhase section */

/* Begin PBXSourcesBuildPhase section */
		A50EC1A11FD61431008DF5A4 /* Sources */ = {
			isa = PBXSourcesBuildPhase;
			buildActionMask = 2147483647;
			files = (
				A50EC1C31FD62FB8008DF5A4 /* DataServices.swift in Sources */,
				A50EC1AB1FD61431008DF5A4 /* CategoriesVC.swift in Sources */,
				A50EC1C71FD66C9F008DF5A4 /* ProductsCell.swift in Sources */,
				A50EC1C51FD66990008DF5A4 /* ProductsVC.swift in Sources */,
				A50EC1A91FD61431008DF5A4 /* AppDelegate.swift in Sources */,
				A50EC1C91FD66DE9008DF5A4 /* Product.swift in Sources */,
				A50EC1BF1FD61FDE008DF5A4 /* CategoryCell.swift in Sources */,
				A50EC1C11FD62D87008DF5A4 /* Category.swift in Sources */,
			);
			runOnlyForDeploymentPostprocessing = 0;
		};
/* End PBXSourcesBuildPhase section */

/* Begin PBXVariantGroup section */
		A50EC1AC1FD61431008DF5A4 /* Main.storyboard */ = {
			isa = PBXVariantGroup;
			children = (
				A50EC1AD1FD61431008DF5A4 /* Base */,
			);
			name = Main.storyboard;
			sourceTree = "<group>";
		};
		A50EC1B11FD61431008DF5A4 /* LaunchScreen.storyboard */ = {
			isa = PBXVariantGroup;
			children = (
				A50EC1B21FD61431008DF5A4 /* Base */,
			);
			name = LaunchScreen.storyboard;
			sourceTree = "<group>";
		};
/* End PBXVariantGroup section */

/* Begin XCBuildConfiguration section */
		A50EC1B51FD61431008DF5A4 /* Debug */ = {
			isa = XCBuildConfiguration;
			buildSettings = {
				ALWAYS_SEARCH_USER_PATHS = NO;
				CLANG_ANALYZER_NONNULL = YES;
				CLANG_ANALYZER_NUMBER_OBJECT_CONVERSION = YES_AGGRESSIVE;
				CLANG_CXX_LANGUAGE_STANDARD = "gnu++14";
				CLANG_CXX_LIBRARY = "libc++";
				CLANG_ENABLE_MODULES = YES;
				CLANG_ENABLE_OBJC_ARC = YES;
				CLANG_WARN_BLOCK_CAPTURE_AUTORELEASING = YES;
				CLANG_WARN_BOOL_CONVERSION = YES;
				CLANG_WARN_COMMA = YES;
				CLANG_WARN_CONSTANT_CONVERSION = YES;
				CLANG_WARN_DIRECT_OBJC_ISA_USAGE = YES_ERROR;
				CLANG_WARN_DOCUMENTATION_COMMENTS = YES;
				CLANG_WARN_EMPTY_BODY = YES;
				CLANG_WARN_ENUM_CONVERSION = YES;
				CLANG_WARN_INFINITE_RECURSION = YES;
				CLANG_WARN_INT_CONVERSION = YES;
				CLANG_WARN_NON_LITERAL_NULL_CONVERSION = YES;
				CLANG_WARN_OBJC_LITERAL_CONVERSION = YES;
				CLANG_WARN_OBJC_ROOT_CLASS = YES_ERROR;
				CLANG_WARN_RANGE_LOOP_ANALYSIS = YES;
				CLANG_WARN_STRICT_PROTOTYPES = YES;
				CLANG_WARN_SUSPICIOUS_MOVE = YES;
				CLANG_WARN_UNGUARDED_AVAILABILITY = YES_AGGRESSIVE;
				CLANG_WARN_UNREACHABLE_CODE = YES;
				CLANG_WARN__DUPLICATE_METHOD_MATCH = YES;
				CODE_SIGN_IDENTITY = "iPhone Developer";
				COPY_PHASE_STRIP = NO;
				DEBUG_INFORMATION_FORMAT = dwarf;
				ENABLE_STRICT_OBJC_MSGSEND = YES;
				ENABLE_TESTABILITY = YES;
				GCC_C_LANGUAGE_STANDARD = gnu11;
				GCC_DYNAMIC_NO_PIC = NO;
				GCC_NO_COMMON_BLOCKS = YES;
				GCC_OPTIMIZATION_LEVEL = 0;
				GCC_PREPROCESSOR_DEFINITIONS = (
					"DEBUG=1",
					"$(inherited)",
				);
				GCC_WARN_64_TO_32_BIT_CONVERSION = YES;
				GCC_WARN_ABOUT_RETURN_TYPE = YES_ERROR;
				GCC_WARN_UNDECLARED_SELECTOR = YES;
				GCC_WARN_UNINITIALIZED_AUTOS = YES_AGGRESSIVE;
				GCC_WARN_UNUSED_FUNCTION = YES;
				GCC_WARN_UNUSED_VARIABLE = YES;
				IPHONEOS_DEPLOYMENT_TARGET = 11.1;
				MTL_ENABLE_DEBUG_INFO = YES;
				ONLY_ACTIVE_ARCH = YES;
				SDKROOT = iphoneos;
				SWIFT_ACTIVE_COMPILATION_CONDITIONS = DEBUG;
				SWIFT_OPTIMIZATION_LEVEL = "-Onone";
			};
			name = Debug;
		};
		A50EC1B61FD61431008DF5A4 /* Release */ = {
			isa = XCBuildConfiguration;
			buildSettings = {
				ALWAYS_SEARCH_USER_PATHS = NO;
				CLANG_ANALYZER_NONNULL = YES;
				CLANG_ANALYZER_NUMBER_OBJECT_CONVERSION = YES_AGGRESSIVE;
				CLANG_CXX_LANGUAGE_STANDARD = "gnu++14";
				CLANG_CXX_LIBRARY = "libc++";
				CLANG_ENABLE_MODULES = YES;
				CLANG_ENABLE_OBJC_ARC = YES;
				CLANG_WARN_BLOCK_CAPTURE_AUTORELEASING = YES;
				CLANG_WARN_BOOL_CONVERSION = YES;
				CLANG_WARN_COMMA = YES;
				CLANG_WARN_CONSTANT_CONVERSION = YES;
				CLANG_WARN_DIRECT_OBJC_ISA_USAGE = YES_ERROR;
				CLANG_WARN_DOCUMENTATION_COMMENTS = YES;
				CLANG_WARN_EMPTY_BODY = YES;
				CLANG_WARN_ENUM_CONVERSION = YES;
				CLANG_WARN_INFINITE_RECURSION = YES;
				CLANG_WARN_INT_CONVERSION = YES;
				CLANG_WARN_NON_LITERAL_NULL_CONVERSION = YES;
				CLANG_WARN_OBJC_LITERAL_CONVERSION = YES;
				CLANG_WARN_OBJC_ROOT_CLASS = YES_ERROR;
				CLANG_WARN_RANGE_LOOP_ANALYSIS = YES;
				CLANG_WARN_STRICT_PROTOTYPES = YES;
				CLANG_WARN_SUSPICIOUS_MOVE = YES;
				CLANG_WARN_UNGUARDED_AVAILABILITY = YES_AGGRESSIVE;
				CLANG_WARN_UNREACHABLE_CODE = YES;
				CLANG_WARN__DUPLICATE_METHOD_MATCH = YES;
				CODE_SIGN_IDENTITY = "iPhone Developer";
				COPY_PHASE_STRIP = NO;
				DEBUG_INFORMATION_FORMAT = "dwarf-with-dsym";
				ENABLE_NS_ASSERTIONS = NO;
				ENABLE_STRICT_OBJC_MSGSEND = YES;
				GCC_C_LANGUAGE_STANDARD = gnu11;
				GCC_NO_COMMON_BLOCKS = YES;
				GCC_WARN_64_TO_32_BIT_CONVERSION = YES;
				GCC_WARN_ABOUT_RETURN_TYPE = YES_ERROR;
				GCC_WARN_UNDECLARED_SELECTOR = YES;
				GCC_WARN_UNINITIALIZED_AUTOS = YES_AGGRESSIVE;
				GCC_WARN_UNUSED_FUNCTION = YES;
				GCC_WARN_UNUSED_VARIABLE = YES;
				IPHONEOS_DEPLOYMENT_TARGET = 11.1;
				MTL_ENABLE_DEBUG_INFO = NO;
				SDKROOT = iphoneos;
				SWIFT_OPTIMIZATION_LEVEL = "-Owholemodule";
				VALIDATE_PRODUCT = YES;
			};
			name = Release;
		};
		A50EC1B81FD61431008DF5A4 /* Debug */ = {
			isa = XCBuildConfiguration;
			buildSettings = {
				ASSETCATALOG_COMPILER_APPICON_NAME = AppIcon;
				CODE_SIGN_STYLE = Automatic;
				DEVELOPMENT_TEAM = 8W7FS3KU9E;
				INFOPLIST_FILE = Apple_Products/Info.plist;
				LD_RUNPATH_SEARCH_PATHS = "$(inherited) @executable_path/Frameworks";
				PRODUCT_BUNDLE_IDENTIFIER = "com.donaldbelliveau.Apple-Products";
				PRODUCT_NAME = "$(TARGET_NAME)";
				SWIFT_VERSION = 4.0;
				TARGETED_DEVICE_FAMILY = "1,2";
			};
			name = Debug;
		};
		A50EC1B91FD61431008DF5A4 /* Release */ = {
			isa = XCBuildConfiguration;
			buildSettings = {
				ASSETCATALOG_COMPILER_APPICON_NAME = AppIcon;
				CODE_SIGN_STYLE = Automatic;
				DEVELOPMENT_TEAM = 8W7FS3KU9E;
				INFOPLIST_FILE = Apple_Products/Info.plist;
				LD_RUNPATH_SEARCH_PATHS = "$(inherited) @executable_path/Frameworks";
				PRODUCT_BUNDLE_IDENTIFIER = "com.donaldbelliveau.Apple-Products";
				PRODUCT_NAME = "$(TARGET_NAME)";
				SWIFT_VERSION = 4.0;
				TARGETED_DEVICE_FAMILY = "1,2";
			};
			name = Release;
		};
/* End XCBuildConfiguration section */

/* Begin XCConfigurationList section */
		A50EC1A01FD61431008DF5A4 /* Build configuration list for PBXProject "Apple_Products" */ = {
			isa = XCConfigurationList;
			buildConfigurations = (
				A50EC1B51FD61431008DF5A4 /* Debug */,
				A50EC1B61FD61431008DF5A4 /* Release */,
			);
			defaultConfigurationIsVisible = 0;
			defaultConfigurationName = Release;
		};
		A50EC1B71FD61431008DF5A4 /* Build configuration list for PBXNativeTarget "Apple_Products" */ = {
			isa = XCConfigurationList;
			buildConfigurations = (
				A50EC1B81FD61431008DF5A4 /* Debug */,
				A50EC1B91FD61431008DF5A4 /* Release */,
			);
			defaultConfigurationIsVisible = 0;
			defaultConfigurationName = Release;
		};
/* End XCConfigurationList section */
	};
	rootObject = A50EC19D1FD61431008DF5A4 /* Project object */;
}
